{
  "name": "@loki/calendar",
  "version": "0.1.0",
  "lockfileVersion": 3,
  "requires": true,
  "packages": {
    "": {
      "name": "@loki/calendar",
      "version": "0.1.0",
      "dependencies": {
        "@fullcalendar/core": "^6.1.15",
        "@fullcalendar/daygrid": "^6.1.15",
        "@fullcalendar/interaction": "^6.1.15",
        "@fullcalendar/list": "^6.1.15",
        "@fullcalendar/timegrid": "^6.1.15",
        "@loki/db": "../db",
        "@loki/minihttp": "../minihttp",
        "@loki/utilities": "../utilities"
      },
      "peerDependencies": {
        "lit": "^3.3.1"
      }
    },
    "../db": {
      "name": "@loki/db",
      "dependencies": {
        "@loki/ai-chat": "../ai-chat",
        "@loki/ai-projects": "../ai-projects",
        "@loki/db": "../db",
        "@loki/file-browser": "../file-browser",
        "@loki/http-base": "../http-base",
        "@loki/layout": "../layout",
        "@loki/minihttp": "../minihttp",
        "@loki/tasks": "../tasks",
        "@loki/utilities": "../utilities",
        "better-sqlite3": "^12.2.0"
      },
      "devDependencies": {
        "chokidar-cli": "^3.0.0",
        "esbuild": "^0.25.9",
        "npm-run-all": "^4.1.5"
      },
      "peerDependencies": {
        "lit": "^3.3.1"
      }
    },
    "../minihttp": {
      "name": "@loki/minihttp",
      "version": "0.1.4",
      "license": "MIT",
      "dependencies": {
        "@loki/ai-projects": "../ai-projects",
        "@loki/file-browser": "../file-browser",
        "@loki/http-base": "../http-base",
        "@loki/layout": "../layout",
        "@loki/tasks": "../tasks",
        "@loki/utilities": "../utilities"
      },
      "devDependencies": {
        "chokidar-cli": "^3.0.0",
        "esbuild": "^0.25.9",
        "npm-run-all": "^4.1.5"
      },
      "peerDependencies": {
        "lit": "^3.3.1"
      }
    },
    "../utilities": {
      "name": "@loki/utilities",
      "version": "0.1.0",
      "license": "MIT",
      "devDependencies": {
        "esbuild": "^0.25.9"
      },
      "peerDependencies": {
        "lit": "^3.3.1",
        "localforage": "^1.10.0"
      }
    },
    "node_modules/@fullcalendar/core": {
      "version": "6.1.19",
      "resolved": "http://localhost:4873/@fullcalendar/core/-/core-6.1.19.tgz",
      "integrity": "sha512-z0aVlO5e4Wah6p6mouM0UEqtRf1MZZPt4mwzEyU6kusaNL+dlWQgAasF2cK23hwT4cmxkEmr4inULXgpyeExdQ==",
      "license": "MIT",
      "dependencies": {
        "preact": "~10.12.1"
      }
    },
    "node_modules/@fullcalendar/daygrid": {
      "version": "6.1.19",
      "resolved": "http://localhost:4873/@fullcalendar/daygrid/-/daygrid-6.1.19.tgz",
      "integrity": "sha512-IAAfnMICnVWPjpT4zi87i3FEw0xxSza0avqY/HedKEz+l5MTBYvCDPOWDATpzXoLut3aACsjktIyw9thvIcRYQ==",
      "license": "MIT",
      "peerDependencies": {
        "@fullcalendar/core": "~6.1.19"
      }
    },
    "node_modules/@fullcalendar/interaction": {
      "version": "6.1.19",
      "resolved": "http://localhost:4873/@fullcalendar/interaction/-/interaction-6.1.19.tgz",
      "integrity": "sha512-GOciy79xe8JMVp+1evAU3ytdwN/7tv35t5i1vFkifiuWcQMLC/JnLg/RA2s4sYmQwoYhTw/p4GLcP0gO5B3X5w==",
      "license": "MIT",
      "peerDependencies": {
        "@fullcalendar/core": "~6.1.19"
      }
    },
    "node_modules/@fullcalendar/list": {
      "version": "6.1.19",
      "resolved": "http://localhost:4873/@fullcalendar/list/-/list-6.1.19.tgz",
      "integrity": "sha512-knZHpAVF0LbzZpSJSUmLUUzF0XlU/MRGK+Py2s0/mP93bCtno1k2L3XPs/kzh528hSjehwLm89RgKTSfW1P6cA==",
      "license": "MIT",
      "peerDependencies": {
        "@fullcalendar/core": "~6.1.19"
      }
    },
    "node_modules/@fullcalendar/timegrid": {
      "version": "6.1.19",
      "resolved": "http://localhost:4873/@fullcalendar/timegrid/-/timegrid-6.1.19.tgz",
      "integrity": "sha512-OuzpUueyO9wB5OZ8rs7TWIoqvu4v3yEqdDxZ2VcsMldCpYJRiOe7yHWKr4ap5Tb0fs7Rjbserc/b6Nt7ol6BRg==",
      "license": "MIT",
      "dependencies": {
        "@fullcalendar/daygrid": "~6.1.19"
      },
      "peerDependencies": {
        "@fullcalendar/core": "~6.1.19"
      }
    },
    "node_modules/@lit-labs/ssr-dom-shim": {
      "version": "1.4.0",
      "resolved": "http://localhost:4873/@lit-labs/ssr-dom-shim/-/ssr-dom-shim-1.4.0.tgz",
      "integrity": "sha512-ficsEARKnmmW5njugNYKipTm4SFnbik7CXtoencDZzmzo/dQ+2Q0bgkzJuoJP20Aj0F+izzJjOqsnkd6F/o1bw==",
      "license": "BSD-3-Clause",
      "peer": true
    },
    "node_modules/@lit/reactive-element": {
      "version": "2.1.1",
      "resolved": "http://localhost:4873/@lit/reactive-element/-/reactive-element-2.1.1.tgz",
      "integrity": "sha512-N+dm5PAYdQ8e6UlywyyrgI2t++wFGXfHx+dSJ1oBrg6FAxUj40jId++EaRm80MKX5JnlH1sBsyZ5h0bcZKemCg==",
      "license": "BSD-3-Clause",
      "peer": true,
      "dependencies": {
        "@lit-labs/ssr-dom-shim": "^1.4.0"
      }
    },
    "node_modules/@loki/db": {
      "resolved": "../db",
      "link": true
    },
    "node_modules/@loki/minihttp": {
      "resolved": "../minihttp",
      "link": true
    },
    "node_modules/@loki/utilities": {
      "resolved": "../utilities",
      "link": true
    },
    "node_modules/@types/trusted-types": {
      "version": "2.0.7",
      "resolved": "http://localhost:4873/@types/trusted-types/-/trusted-types-2.0.7.tgz",
      "integrity": "sha512-ScaPdn1dQczgbl0QFTeTOmVHFULt394XJgOQNoyVhZ6r2vLnMLJfBPd53SB52T/3G36VI1/g2MZaX0cwDuXsfw==",
      "license": "MIT",
      "peer": true
    },
    "node_modules/lit": {
      "version": "3.3.1",
      "resolved": "http://localhost:4873/lit/-/lit-3.3.1.tgz",
      "integrity": "sha512-Ksr/8L3PTapbdXJCk+EJVB78jDodUMaP54gD24W186zGRARvwrsPfS60wae/SSCTCNZVPd1chXqio1qHQmu4NA==",
      "license": "BSD-3-Clause",
      "peer": true,
      "dependencies": {
        "@lit/reactive-element": "^2.1.0",
        "lit-element": "^4.2.0",
        "lit-html": "^3.3.0"
      }
    },
    "node_modules/lit-element": {
      "version": "4.2.1",
      "resolved": "http://localhost:4873/lit-element/-/lit-element-4.2.1.tgz",
      "integrity": "sha512-WGAWRGzirAgyphK2urmYOV72tlvnxw7YfyLDgQ+OZnM9vQQBQnumQ7jUJe6unEzwGU3ahFOjuz1iz1jjrpCPuw==",
      "license": "BSD-3-Clause",
      "peer": true,
      "dependencies": {
        "@lit-labs/ssr-dom-shim": "^1.4.0",
        "@lit/reactive-element": "^2.1.0",
        "lit-html": "^3.3.0"
      }
    },
    "node_modules/lit-html": {
      "version": "3.3.1",
      "resolved": "http://localhost:4873/lit-html/-/lit-html-3.3.1.tgz",
      "integrity": "sha512-S9hbyDu/vs1qNrithiNyeyv64c9yqiW9l+DBgI18fL+MTvOtWoFR0FWiyq1TxaYef5wNlpEmzlXoBlZEO+WjoA==",
      "license": "BSD-3-Clause",
      "peer": true,
      "dependencies": {
        "@types/trusted-types": "^2.0.2"
      }
    },
    "node_modules/preact": {
      "version": "10.12.1",
      "resolved": "http://localhost:4873/preact/-/preact-10.12.1.tgz",
      "integrity": "sha512-l8386ixSsBdbreOAkqtrwqHwdvR35ID8c3rKPa8lCWuO86dBi32QWHV4vfsZK1utLLFMvw+Z5Ad4XLkZzchscg==",
      "license": "MIT",
      "funding": {
        "type": "opencollective",
        "url": "https://opencollective.com/preact"
      }
    }
  }
}
